// !$*UTF8*$!
{
	archiveVersion = 1;
	classes = {
	};
	objectVersion = 46;
	objects = {

/* Begin PBXAggregateTarget section */
		497E511319EFA52C000E49F6 /* Aggregate */ = {
			isa = PBXAggregateTarget;
			buildConfigurationList = 497E511419EFA52C000E49F6 /* Build configuration list for PBXAggregateTarget "Aggregate" */;
			buildPhases = (
				497E511B19EFA557000E49F6 /* ShellScript */,
			);
			dependencies = (
				497E511819EFA54A000E49F6 /* PBXTargetDependency */,
			);
			name = Aggregate;
			productName = Aggregate;
		};
/* End PBXAggregateTarget section */

/* Begin PBXBuildFile section */
		49D070C920CE857F0013ABFC /* DDTestSDK.h in Headers */ = {isa = PBXBuildFile; fileRef = 49D070C720CE857F0013ABFC /* DDTestSDK.h */; };
		49D070CA20CE857F0013ABFC /* DDTestSDK.m in Sources */ = {isa = PBXBuildFile; fileRef = 49D070C820CE857F0013ABFC /* DDTestSDK.m */; };
/* End PBXBuildFile section */

/* Begin PBXContainerItemProxy section */
		497E511719EFA54A000E49F6 /* PBXContainerItemProxy */ = {
			isa = PBXContainerItemProxy;
			containerPortal = 21210B6C19B8C162006199C3 /* Project object */;
			proxyType = 1;
			remoteGlobalIDString = 21210BB119B8C1C2006199C3;
			remoteInfo = _SDK_Template_;
		};
/* End PBXContainerItemProxy section */

/* Begin PBXFileReference section */
		21210B7B19B8C162006199C3 /* DDTestForCocoaPods-Prefix.pch */ = {isa = PBXFileReference; lastKnownFileType = sourcecode.c.h; path = "DDTestForCocoaPods-Prefix.pch"; sourceTree = "<group>"; };
		21210BB219B8C1C2006199C3 /* SDKTemplate.framework */ = {isa = PBXFileReference; explicitFileType = wrapper.cfbundle; includeInIndex = 0; name = SDKTemplate.framework; path = LSSDKTemplate.framework; sourceTree = BUILT_PRODUCTS_DIR; };
		498F72CF19EFA8EF00F43C9A /* DDTestForCocoaPods-Info.plist */ = {isa = PBXFileReference; fileEncoding = 4; lastKnownFileType = text.plist.xml; path = "DDTestForCocoaPods-Info.plist"; sourceTree = "<group>"; };
		49D070C720CE857F0013ABFC /* DDTestSDK.h */ = {isa = PBXFileReference; fileEncoding = 4; lastKnownFileType = sourcecode.c.h; path = DDTestSDK.h; sourceTree = "<group>"; };
		49D070C820CE857F0013ABFC /* DDTestSDK.m */ = {isa = PBXFileReference; fileEncoding = 4; lastKnownFileType = sourcecode.c.objc; path = DDTestSDK.m; sourceTree = "<group>"; };
/* End PBXFileReference section */

/* Begin PBXFrameworksBuildPhase section */
		21210BAF19B8C1C2006199C3 /* Frameworks */ = {
			isa = PBXFrameworksBuildPhase;
			buildActionMask = 2147483647;
			files = (
			);
			runOnlyForDeploymentPostprocessing = 0;
		};
/* End PBXFrameworksBuildPhase section */

/* Begin PBXGroup section */
		21210B6B19B8C162006199C3 = {
			isa = PBXGroup;
			children = (
				49B01B611F7B44250080CB12 /* frameworks */,
				21210B7919B8C162006199C3 /* SDK */,
				21210B7619B8C162006199C3 /* Frameworks */,
				21210B7519B8C162006199C3 /* Products */,
			);
			sourceTree = "<group>";
		};
		21210B7519B8C162006199C3 /* Products */ = {
			isa = PBXGroup;
			children = (
				21210BB219B8C1C2006199C3 /* SDKTemplate.framework */,
			);
			name = Products;
			sourceTree = "<group>";
		};
		21210B7619B8C162006199C3 /* Frameworks */ = {
			isa = PBXGroup;
			children = (
			);
			name = Frameworks;
			sourceTree = "<group>";
		};
		21210B7919B8C162006199C3 /* SDK */ = {
			isa = PBXGroup;
			children = (
				49B01B641F7B44300080CB12 /* Classes */,
				21210B7A19B8C162006199C3 /* Supporting Files */,
			);
			path = SDK;
			sourceTree = "<group>";
		};
		21210B7A19B8C162006199C3 /* Supporting Files */ = {
			isa = PBXGroup;
			children = (
				498F72CF19EFA8EF00F43C9A /* DDTestForCocoaPods-Info.plist */,
				21210B7B19B8C162006199C3 /* DDTestForCocoaPods-Prefix.pch */,
			);
			name = "Supporting Files";
			sourceTree = "<group>";
		};
		49B01B611F7B44250080CB12 /* frameworks */ = {
			isa = PBXGroup;
			children = (
			);
			path = frameworks;
			sourceTree = "<group>";
		};
		49B01B641F7B44300080CB12 /* Classes */ = {
			isa = PBXGroup;
			children = (
				49D070C620CE857F0013ABFC /* TestSDK */,
			);
			path = Classes;
			sourceTree = "<group>";
		};
		49D070C620CE857F0013ABFC /* TestSDK */ = {
			isa = PBXGroup;
			children = (
				49D070C720CE857F0013ABFC /* DDTestSDK.h */,
				49D070C820CE857F0013ABFC /* DDTestSDK.m */,
			);
			path = TestSDK;
			sourceTree = "<group>";
		};
/* End PBXGroup section */

/* Begin PBXHeadersBuildPhase section */
		21210BBE19B8C2D3006199C3 /* Headers */ = {
			isa = PBXHeadersBuildPhase;
			buildActionMask = 2147483647;
			files = (
				49D070C920CE857F0013ABFC /* DDTestSDK.h in Headers */,
			);
			runOnlyForDeploymentPostprocessing = 0;
		};
/* End PBXHeadersBuildPhase section */

/* Begin PBXNativeTarget section */
		21210BB119B8C1C2006199C3 /* DDTestForCocoaPods */ = {
			isa = PBXNativeTarget;
			buildConfigurationList = 21210BBB19B8C1C2006199C3 /* Build configuration list for PBXNativeTarget "DDTestForCocoaPods" */;
			buildPhases = (
				21210BAE19B8C1C2006199C3 /* Sources */,
				21210BAF19B8C1C2006199C3 /* Frameworks */,
				21210BB019B8C1C2006199C3 /* Resources */,
				21210BBE19B8C2D3006199C3 /* Headers */,
			);
			buildRules = (
			);
			dependencies = (
			);
			name = DDTestForCocoaPods;
			productName = SDK;
			productReference = 21210BB219B8C1C2006199C3 /* SDKTemplate.framework */;
			productType = "com.apple.product-type.bundle";
		};
/* End PBXNativeTarget section */

/* Begin PBXProject section */
		21210B6C19B8C162006199C3 /* Project object */ = {
			isa = PBXProject;
			attributes = {
				LastUpgradeCheck = 0940;
				ORGANIZATIONNAME = LinkSure;
			};
			buildConfigurationList = 21210B6F19B8C162006199C3 /* Build configuration list for PBXProject "DDTestForCocoaPods" */;
			compatibilityVersion = "Xcode 3.2";
			developmentRegion = English;
			hasScannedForEncodings = 0;
			knownRegions = (
				en,
			);
			mainGroup = 21210B6B19B8C162006199C3;
			productRefGroup = 21210B7519B8C162006199C3 /* Products */;
			projectDirPath = "";
			projectRoot = "";
			targets = (
				21210BB119B8C1C2006199C3 /* DDTestForCocoaPods */,
				497E511319EFA52C000E49F6 /* Aggregate */,
			);
		};
/* End PBXProject section */

/* Begin PBXResourcesBuildPhase section */
		21210BB019B8C1C2006199C3 /* Resources */ = {
			isa = PBXResourcesBuildPhase;
			buildActionMask = 2147483647;
			files = (
			);
			runOnlyForDeploymentPostprocessing = 0;
		};
/* End PBXResourcesBuildPhase section */

/* Begin PBXShellScriptBuildPhase section */
		497E511B19EFA557000E49F6 /* ShellScript */ = {
			isa = PBXShellScriptBuildPhase;
			buildActionMask = 2147483647;
			files = (
			);
			inputPaths = (
			);
			outputPaths = (
			);
			runOnlyForDeploymentPostprocessing = 0;
			shellPath = /bin/sh;
			shellScript = "set -e\nset +u\n# Avoid recursively calling this script.\nif [[ $SF_MASTER_SCRIPT_RUNNING ]]\nthen\nexit 0\nfi\nset -u\nexport SF_MASTER_SCRIPT_RUNNING=1\n\nSF_TARGET_NAME=${PROJECT_NAME}\nSF_EXECUTABLE_PATH=\"${SF_TARGET_NAME}.framework/${SF_TARGET_NAME}\"\nSF_WRAPPER_NAME=\"${SF_TARGET_NAME}.framework\"\n\nif [[ \"$SDK_NAME\" =~ ([A-Za-z]+) ]]\nthen\nSF_SDK_PLATFORM=${BASH_REMATCH[1]}\nelse\necho \"Could not find platform name from SDK_NAME: $SDK_NAME\"\nexit 1\nfi\n\nif [[ \"$SDK_NAME\" =~ ([0-9]+.*$) ]]\nthen\nSF_SDK_VERSION=${BASH_REMATCH[1]}\nelse\necho \"Could not find sdk version from SDK_NAME: $SDK_NAME\"\nexit 1\nfi\n\nif [[ \"$SF_SDK_PLATFORM\" = \"iphoneos\" ]]\nthen\nSF_OTHER_PLATFORM=iphonesimulator\nelse\nSF_OTHER_PLATFORM=iphoneos\nfi\n\nif [[ \"$BUILT_PRODUCTS_DIR\" =~ (.*)$SF_SDK_PLATFORM$ ]]\nthen\nSF_OTHER_BUILT_PRODUCTS_DIR=\"${BASH_REMATCH[1]}${SF_OTHER_PLATFORM}\"\nelse\necho \"Could not find platform name from build products directory: $BUILT_PRODUCTS_DIR\"\nexit 1\nfi\n\nrm -rf buildProducts\nmkdir buildProducts\nmkdir buildProducts/simulator\nmkdir buildProducts/device\n\n# Build the other platform.\nxcrun xcodebuild -project \"${PROJECT_FILE_PATH}\" -target \"${TARGET_NAME}\" -configuration \"${CONFIGURATION}\" -sdk ${SF_OTHER_PLATFORM}${SF_SDK_VERSION} BUILD_DIR=\"${BUILD_DIR}\" OBJROOT=\"${OBJROOT}\" BUILD_ROOT=\"${BUILD_ROOT}\" SYMROOT=\"${SYMROOT}\" $ACTION\n\n# Smash the two static libraries into one fat binary and store it in the .framework\nxcrun lipo -create \"${BUILT_PRODUCTS_DIR}/$PRODUCT_NAME.framework/$PRODUCT_NAME\" \"${SF_OTHER_BUILT_PRODUCTS_DIR}/$PRODUCT_NAME.framework/$PRODUCT_NAME\" -output \"${PROJECT_DIR}/buildProducts/$PRODUCT_NAME\"\n\ncp -rf ${BUILT_PRODUCTS_DIR}/$PRODUCT_NAME.framework ${PROJECT_DIR}/buildProducts\nmv ${PROJECT_DIR}/buildProducts/$PRODUCT_NAME ${PROJECT_DIR}/buildProducts/$PRODUCT_NAME.framework\n\nxcodebuild clean -project \"${PROJECT_FILE_PATH}\" -scheme \"${TARGET_NAME}\" -configuration Release\nxcodebuild archive -project \"${PROJECT_FILE_PATH}\" -scheme \"${TARGET_NAME}\" -archivePath ${BUILD_DIR}/Release-iphoneos/$PRODUCT_NAME.xcarchive\n\ncp -rf ${BUILD_DIR}/Release-iphonesimulator/$PRODUCT_NAME.framework ${PROJECT_DIR}/buildProducts/simulator\ncp -rf ${BUILD_DIR}/Release-iphoneos/$PRODUCT_NAME.xcarchive/Products/Library/Bundles/$PRODUCT_NAME.framework ${PROJECT_DIR}/buildProducts/device";
		};
/* End PBXShellScriptBuildPhase section */

/* Begin PBXSourcesBuildPhase section */
		21210BAE19B8C1C2006199C3 /* Sources */ = {
			isa = PBXSourcesBuildPhase;
			buildActionMask = 2147483647;
			files = (
				49D070CA20CE857F0013ABFC /* DDTestSDK.m in Sources */,
			);
			runOnlyForDeploymentPostprocessing = 0;
		};
/* End PBXSourcesBuildPhase section */

/* Begin PBXTargetDependency section */
		497E511819EFA54A000E49F6 /* PBXTargetDependency */ = {
			isa = PBXTargetDependency;
			target = 21210BB119B8C1C2006199C3 /* DDTestForCocoaPods */;
			targetProxy = 497E511719EFA54A000E49F6 /* PBXContainerItemProxy */;
		};
/* End PBXTargetDependency section */

/* Begin XCBuildConfiguration section */
		21210B9519B8C162006199C3 /* Debug */ = {
			isa = XCBuildConfiguration;
			buildSettings = {
				ALWAYS_SEARCH_USER_PATHS = NO;
				CLANG_CXX_LANGUAGE_STANDARD = "gnu++0x";
				CLANG_CXX_LIBRARY = "libc++";
				CLANG_ENABLE_MODULES = YES;
				CLANG_ENABLE_OBJC_ARC = YES;
				CLANG_WARN_BLOCK_CAPTURE_AUTORELEASING = YES;
				CLANG_WARN_BOOL_CONVERSION = YES;
				CLANG_WARN_COMMA = YES;
				CLANG_WARN_CONSTANT_CONVERSION = YES;
				CLANG_WARN_DEPRECATED_OBJC_IMPLEMENTATIONS = YES;
				CLANG_WARN_DIRECT_OBJC_ISA_USAGE = YES_ERROR;
				CLANG_WARN_EMPTY_BODY = YES;
				CLANG_WARN_ENUM_CONVERSION = YES;
				CLANG_WARN_INFINITE_RECURSION = YES;
				CLANG_WARN_INT_CONVERSION = YES;
				CLANG_WARN_NON_LITERAL_NULL_CONVERSION = YES;
				CLANG_WARN_OBJC_IMPLICIT_RETAIN_SELF = YES;
				CLANG_WARN_OBJC_LITERAL_CONVERSION = YES;
				CLANG_WARN_OBJC_ROOT_CLASS = YES_ERROR;
				CLANG_WARN_RANGE_LOOP_ANALYSIS = YES;
				CLANG_WARN_STRICT_PROTOTYPES = YES;
				CLANG_WARN_SUSPICIOUS_MOVE = YES;
				CLANG_WARN_UNREACHABLE_CODE = YES;
				CLANG_WARN__DUPLICATE_METHOD_MATCH = YES;
				COPY_PHASE_STRIP = NO;
				ENABLE_STRICT_OBJC_MSGSEND = YES;
				ENABLE_TESTABILITY = YES;
				GCC_C_LANGUAGE_STANDARD = gnu99;
				GCC_DYNAMIC_NO_PIC = NO;
				GCC_NO_COMMON_BLOCKS = YES;
				GCC_OPTIMIZATION_LEVEL = 0;
				GCC_PREPROCESSOR_DEFINITIONS = (
					"DEBUG=1",
					"$(inherited)",
				);
				GCC_SYMBOLS_PRIVATE_EXTERN = NO;
				GCC_WARN_64_TO_32_BIT_CONVERSION = YES;
				GCC_WARN_ABOUT_RETURN_TYPE = YES_ERROR;
				GCC_WARN_UNDECLARED_SELECTOR = YES;
				GCC_WARN_UNINITIALIZED_AUTOS = YES;
				GCC_WARN_UNUSED_FUNCTION = YES;
				GCC_WARN_UNUSED_VARIABLE = YES;
				IPHONEOS_DEPLOYMENT_TARGET = 8.0;
				ONLY_ACTIVE_ARCH = YES;
				SDKROOT = iphoneos;
			};
			name = Debug;
		};
		21210B9619B8C162006199C3 /* Release */ = {
			isa = XCBuildConfiguration;
			buildSettings = {
				ALWAYS_SEARCH_USER_PATHS = NO;
				CLANG_CXX_LANGUAGE_STANDARD = "gnu++0x";
				CLANG_CXX_LIBRARY = "libc++";
				CLANG_ENABLE_MODULES = YES;
				CLANG_ENABLE_OBJC_ARC = YES;
				CLANG_WARN_BLOCK_CAPTURE_AUTORELEASING = YES;
				CLANG_WARN_BOOL_CONVERSION = YES;
				CLANG_WARN_COMMA = YES;
				CLANG_WARN_CONSTANT_CONVERSION = YES;
				CLANG_WARN_DEPRECATED_OBJC_IMPLEMENTATIONS = YES;
				CLANG_WARN_DIRECT_OBJC_ISA_USAGE = YES_ERROR;
				CLANG_WARN_EMPTY_BODY = YES;
				CLANG_WARN_ENUM_CONVERSION = YES;
				CLANG_WARN_INFINITE_RECURSION = YES;
				CLANG_WARN_INT_CONVERSION = YES;
				CLANG_WARN_NON_LITERAL_NULL_CONVERSION = YES;
				CLANG_WARN_OBJC_IMPLICIT_RETAIN_SELF = YES;
				CLANG_WARN_OBJC_LITERAL_CONVERSION = YES;
				CLANG_WARN_OBJC_ROOT_CLASS = YES_ERROR;
				CLANG_WARN_RANGE_LOOP_ANALYSIS = YES;
				CLANG_WARN_STRICT_PROTOTYPES = YES;
				CLANG_WARN_SUSPICIOUS_MOVE = YES;
				CLANG_WARN_UNREACHABLE_CODE = YES;
				CLANG_WARN__DUPLICATE_METHOD_MATCH = YES;
				COPY_PHASE_STRIP = YES;
				ENABLE_NS_ASSERTIONS = NO;
				ENABLE_STRICT_OBJC_MSGSEND = YES;
				GCC_C_LANGUAGE_STANDARD = gnu99;
				GCC_NO_COMMON_BLOCKS = YES;
				GCC_WARN_64_TO_32_BIT_CONVERSION = YES;
				GCC_WARN_ABOUT_RETURN_TYPE = YES_ERROR;
				GCC_WARN_UNDECLARED_SELECTOR = YES;
				GCC_WARN_UNINITIALIZED_AUTOS = YES;
				GCC_WARN_UNUSED_FUNCTION = YES;
				GCC_WARN_UNUSED_VARIABLE = YES;
				IPHONEOS_DEPLOYMENT_TARGET = 8.0;
				SDKROOT = iphoneos;
				VALIDATE_PRODUCT = YES;
			};
			name = Release;
		};
		21210BBC19B8C1C2006199C3 /* Debug */ = {
			isa = XCBuildConfiguration;
			buildSettings = {
				COMBINE_HIDPI_IMAGES = YES;
				DEAD_CODE_STRIPPING = NO;
				FRAMEWORK_SEARCH_PATHS = "$(PROJECT_DIR)/frameworks";
				GCC_ENABLE_OBJC_EXCEPTIONS = YES;
				GCC_PRECOMPILE_PREFIX_HEADER = YES;
				GCC_PREFIX_HEADER = "SDK/DDTestForCocoaPods-Prefix.pch";
				GCC_PREPROCESSOR_DEFINITIONS = (
					"DEBUG=1",
					"$(inherited)",
				);
				INFOPLIST_FILE = "SDK/$(PROJECT_NAME)-Info.plist";
				INSTALL_PATH = "$(LOCAL_LIBRARY_DIR)/Bundles";
				IPHONEOS_DEPLOYMENT_TARGET = 8.0;
				LINK_WITH_STANDARD_LIBRARIES = NO;
				MACH_O_TYPE = staticlib;
				MACOSX_DEPLOYMENT_TARGET = "";
				ONLY_ACTIVE_ARCH = NO;
				PRODUCT_NAME = DDTestForCocoaPods;
				SDKROOT = iphoneos;
				TARGETED_DEVICE_FAMILY = "1,2";
				WRAPPER_EXTENSION = framework;
			};
			name = Debug;
		};
		21210BBD19B8C1C2006199C3 /* Release */ = {
			isa = XCBuildConfiguration;
			buildSettings = {
				COMBINE_HIDPI_IMAGES = YES;
				DEAD_CODE_STRIPPING = NO;
				DEBUG_INFORMATION_FORMAT = "dwarf-with-dsym";
				FRAMEWORK_SEARCH_PATHS = "$(PROJECT_DIR)/frameworks";
				GCC_ENABLE_OBJC_EXCEPTIONS = YES;
				GCC_PRECOMPILE_PREFIX_HEADER = YES;
				GCC_PREFIX_HEADER = "SDK/DDTestForCocoaPods-Prefix.pch";
				INFOPLIST_FILE = "SDK/$(PROJECT_NAME)-Info.plist";
				INSTALL_PATH = "$(LOCAL_LIBRARY_DIR)/Bundles";
				IPHONEOS_DEPLOYMENT_TARGET = 8.0;
				LINK_WITH_STANDARD_LIBRARIES = NO;
				MACH_O_TYPE = staticlib;
				MACOSX_DEPLOYMENT_TARGET = "";
				ONLY_ACTIVE_ARCH = NO;
				PRODUCT_NAME = DDTestForCocoaPods;
				SDKROOT = iphoneos;
				TARGETED_DEVICE_FAMILY = "1,2";
				WRAPPER_EXTENSION = framework;
			};
			name = Release;
		};
		497E511519EFA52C000E49F6 /* Debug */ = {
			isa = XCBuildConfiguration;
			buildSettings = {
				PRODUCT_NAME = DDTestForCocoaPods;
			};
			name = Debug;
		};
		497E511619EFA52C000E49F6 /* Release */ = {
			isa = XCBuildConfiguration;
			buildSettings = {
				PRODUCT_NAME = DDTestForCocoaPods;
			};
			name = Release;
		};
/* End XCBuildConfiguration section */

/* Begin XCConfigurationList section */
		21210B6F19B8C162006199C3 /* Build configuration list for PBXProject "DDTestForCocoaPods" */ = {
			isa = XCConfigurationList;
			buildConfigurations = (
				21210B9519B8C162006199C3 /* Debug */,
				21210B9619B8C162006199C3 /* Release */,
			);
			defaultConfigurationIsVisible = 0;
			defaultConfigurationName = Release;
		};
		21210BBB19B8C1C2006199C3 /* Build configuration list for PBXNativeTarget "DDTestForCocoaPods" */ = {
			isa = XCConfigurationList;
			buildConfigurations = (
				21210BBC19B8C1C2006199C3 /* Debug */,
				21210BBD19B8C1C2006199C3 /* Release */,
			);
			defaultConfigurationIsVisible = 0;
			defaultConfigurationName = Release;
		};
		497E511419EFA52C000E49F6 /* Build configuration list for PBXAggregateTarget "Aggregate" */ = {
			isa = XCConfigurationList;
			buildConfigurations = (
				497E511519EFA52C000E49F6 /* Debug */,
				497E511619EFA52C000E49F6 /* Release */,
			);
			defaultConfigurationIsVisible = 0;
			defaultConfigurationName = Release;
		};
/* End XCConfigurationList section */
	};
	rootObject = 21210B6C19B8C162006199C3 /* Project object */;
}
